{
  "nodes": {
    "chaotic": {
      "inputs": {
        "flake-schemas": "flake-schemas",
        "home-manager": "home-manager",
        "nixpkgs": "nixpkgs"
      },
      "locked": {
        "lastModified": 1788590915,
        "narHash": "sha256-WebRze7ZsbMR+dHVvBTXkYCmeh7Wi9KUEFwTHK+ZxKg=",
        "owner": "chaotic-cx",
        "repo": "nyx",
        "rev": "078974cf248e2634a25ecf414b77a393f6830d9b",
        "type": "github"
      },
      "original": {
        "owner": "chaotic-cx",
        "ref": "nyxpkgs-unstable",
        "repo": "nyx",
        "type": "github"
      }
    },
    "flake-schemas": {
      "locked": {
        "lastModified": 1780327564,
        "narHash": "sha256-HiRPtA0spK+Dkgbhz/1zW9glXxNVB+L4Rj2VYmdawb8=",
        "rev": "6cc9bd98891b1fc6bb2b8cb3277df8bc72799ca6",
        "revCount": 149,
        "type": "tarball",
        "url": "https://api.flakehub.com/f/pinned/DeterminateSystems/flake-schemas/0.5.0/019e83cf-9af3-78b1-ac5b-70e68ad1efe1/source.tar.gz"
      },
      "original": {
        "type": "tarball",
        "url": "https://flakehub.com/f/DeterminateSystems/flake-schemas/%3D0.5.0.tar.gz"
      }
    },
    "home-manager": {
      "inputs": {
        "nixpkgs": [
          "chaotic",
          "nixpkgs"
        ]
      },
      "locked": {
        "lastModified": 1788487777,
        "narHash": "sha256-Ro/e1N4ZR8/XaFF+sF9SgfPK79HM5YNEppzFj8p+0Ak=",
        "owner": "nix-community",
        "repo": "home-manager",
        "rev": "693e8ce0fb240a73c116a03cfd7b19269c87af88",
        "type": "github"
      },
      "original": {
        "owner": "nix-community",
        "repo": "home-manager",
        "type": "github"
      }
    },
    "home-manager_2": {
      "inputs": {
        "nixpkgs": [
          "nixpkgs"
        ]
      },
      "locked": {
        "lastModified": 1788620682,
        "narHash": "sha256-qdXXcNrxlA35KvMH8yxlQen3pyJnV7yMDbv1QOOIOBQ=",
        "owner": "nix-community",
        "repo": "home-manager",
        "rev": "8381f3481e4424ea0b53c9e7469c14da799d5822",
        "type": "github"
      },
      "original": {
        "owner": "nix-community",
        "ref": "master",
        "repo": "home-manager",
        "type": "github"
      }
    },
    "nix-flatpak": {
      "locked": {
        "lastModified": 1783368811,
        "narHash": "sha256-0H8jDwR4Kegb3heaTrH1ftbgKfZVDT8JE+46uXxDy/Q=",
        "owner": "gmodena",
        "repo": "nix-flatpak",
        "rev": "20d42f0ee98c9fe9f85e8d1de474f1409ed10d05",
        "type": "github"
      },
      "original": {
        "owner": "gmodena",
        "repo": "nix-flatpak",
        "type": "github"
      }
    },
    "nixpkgs": {
      "locked": {
        "lastModified": 1788316716,
        "narHash": "sha256-bc7rSpXIdn9QWGNqfWcPZWOhEVF8NoeAZkWq0XWnf/k=",
        "owner": "NixOS",
        "repo": "nixpkgs",
        "rev": "3ed67ec0a4d3c7ab4ae1f04f8ee8df07bfa506a2",
        "type": "github"
      },
      "original": {
        "owner": "NixOS",
        "ref": "nixos-unstable",
        "repo": "nixpkgs",
        "type": "github"
      }
    },
    "nixpkgs_2": {
      "locked": {
        "lastModified": 1788531059,
        "narHash": "sha256-hLD4l3QOGBQhkVp3mQ2lJ/YbEi99qUgKapb40KovZ88=",
        "owner": "NixOS",
        "repo": "nixpkgs",
        "rev": "801bef6abd86b91e51083066b83fb354a11fc640",
        "type": "github"
      },
      "original": {
        "owner": "NixOS",
        "ref": "nixos-unstable",
        "repo": "nixpkgs",
        "type": "github"
      }
    },
    "root": {
      "inputs": {
        "chaotic": "chaotic",
        "home-manager": "home-manager_2",
        "nix-flatpak": "nix-flatpak",
        "nixpkgs": "nixpkgs_2",
        "zen-browser": "zen-browser"
      }
    },
    "zen-browser": {
      "inputs": {
        "nixpkgs": [
          "nixpkgs"
        ]
      },
      "locked": {
        "lastModified": 1788083005,
        "narHash": "sha256-e6U3sXUlu/QzZyJp/+ymW8s57Jbdb7bwT9+WaTAhHfQ=",
        "owner": "youwen5",
        "repo": "zen-browser-flake",
        "rev": "afbbbef7c3c00f160f4a9dfdd8c6c6b8b089a33f",
        "type": "github"
      },
      "original": {
        "owner": "youwen5",
        "repo": "zen-browser-flake",
        "type": "github"
      }
    }
  },
  "root": "root",
  "version": 7
}
